// !$*UTF8*$!
{
	archiveVersion = 1;
	classes = {
	};
	objectVersion = 46;
	objects = {

/* Begin PBXBuildFile section */
		5D564C7C1E5A8E0800F4B29B /* Assets.xcassets in Resources */ = {isa = PBXBuildFile; fileRef = 5D564C7B1E5A8E0800F4B29B /* Assets.xcassets */; };
		5D564C7F1E5A8E0800F4B29B /* LaunchScreen.storyboard in Resources */ = {isa = PBXBuildFile; fileRef = 5D564C7D1E5A8E0800F4B29B /* LaunchScreen.storyboard */; };
		5D564C981E5A8E1F00F4B29B /* AppDelegate.swift in Sources */ = {isa = PBXBuildFile; fileRef = 5D564C861E5A8E1F00F4B29B /* AppDelegate.swift */; };
		5D564C991E5A8E1F00F4B29B /* Weather.swift in Sources */ = {isa = PBXBuildFile; fileRef = 5D564C871E5A8E1F00F4B29B /* Weather.swift */; };
		5D564C9B1E5A8E1F00F4B29B /* ViewController.swift in Sources */ = {isa = PBXBuildFile; fileRef = 5D564C8A1E5A8E1F00F4B29B /* ViewController.swift */; };
		5D564C9C1E5A8E1F00F4B29B /* SettingsTableViewController.swift in Sources */ = {isa = PBXBuildFile; fileRef = 5D564C8B1E5A8E1F00F4B29B /* SettingsTableViewController.swift */; };
		5D564C9D1E5A8E1F00F4B29B /* ChooseTempViewController.swift in Sources */ = {isa = PBXBuildFile; fileRef = 5D564C8C1E5A8E1F00F4B29B /* ChooseTempViewController.swift */; };
		5D564C9E1E5A8E1F00F4B29B /* ConditionViewController.swift in Sources */ = {isa = PBXBuildFile; fileRef = 5D564C8D1E5A8E1F00F4B29B /* ConditionViewController.swift */; };
		5D564C9F1E5A8E1F00F4B29B /* SpectrumTest.swift in Sources */ = {isa = PBXBuildFile; fileRef = 5D564C8E1E5A8E1F00F4B29B /* SpectrumTest.swift */; };
		5D564CAA1E5A8E6200F4B29B /* Info.plist in Resources */ = {isa = PBXBuildFile; fileRef = 5D564CA71E5A8E6200F4B29B /* Info.plist */; };
		5D564CAB1E5A8E6200F4B29B /* Stencil Army WW I.ttf in Resources */ = {isa = PBXBuildFile; fileRef = 5D564CA81E5A8E6200F4B29B /* Stencil Army WW I.ttf */; };
		5D564CAC1E5A8E6200F4B29B /* Main.storyboard in Resources */ = {isa = PBXBuildFile; fileRef = 5D564CA91E5A8E6200F4B29B /* Main.storyboard */; };
		5D564CAE1E5A8E9500F4B29B /* ForecastAPI.swift in Sources */ = {isa = PBXBuildFile; fileRef = 5D564CAD1E5A8E9500F4B29B /* ForecastAPI.swift */; };
/* End PBXBuildFile section */

/* Begin PBXFileReference section */
		5D564C711E5A8E0800F4B29B /* CustomRangeSliderTryoutSwift.app */ = {isa = PBXFileReference; explicitFileType = wrapper.application; includeInIndex = 0; path = CustomRangeSliderTryoutSwift.app; sourceTree = BUILT_PRODUCTS_DIR; };
		5D564C7B1E5A8E0800F4B29B /* Assets.xcassets */ = {isa = PBXFileReference; lastKnownFileType = folder.assetcatalog; path = Assets.xcassets; sourceTree = "<group>"; };
		5D564C7E1E5A8E0800F4B29B /* Base */ = {isa = PBXFileReference; lastKnownFileType = file.storyboard; name = Base; path = Base.lproj/LaunchScreen.storyboard; sourceTree = "<group>"; };
		5D564C861E5A8E1F00F4B29B /* AppDelegate.swift */ = {isa = PBXFileReference; fileEncoding = 4; lastKnownFileType = sourcecode.swift; name = AppDelegate.swift; path = ../../BikeOrNot/BikeOrNot/AppDelegate.swift; sourceTree = "<group>"; };
		5D564C871E5A8E1F00F4B29B /* Weather.swift */ = {isa = PBXFileReference; fileEncoding = 4; lastKnownFileType = sourcecode.swift; path = Weather.swift; sourceTree = "<group>"; };
		5D564C8A1E5A8E1F00F4B29B /* ViewController.swift */ = {isa = PBXFileReference; fileEncoding = 4; lastKnownFileType = sourcecode.swift; path = ViewController.swift; sourceTree = "<group>"; };
		5D564C8B1E5A8E1F00F4B29B /* SettingsTableViewController.swift */ = {isa = PBXFileReference; fileEncoding = 4; lastKnownFileType = sourcecode.swift; path = SettingsTableViewController.swift; sourceTree = "<group>"; };
		5D564C8C1E5A8E1F00F4B29B /* ChooseTempViewController.swift */ = {isa = PBXFileReference; fileEncoding = 4; lastKnownFileType = sourcecode.swift; path = ChooseTempViewController.swift; sourceTree = "<group>"; };
		5D564C8D1E5A8E1F00F4B29B /* ConditionViewController.swift */ = {isa = PBXFileReference; fileEncoding = 4; lastKnownFileType = sourcecode.swift; path = ConditionViewController.swift; sourceTree = "<group>"; };
		5D564C8E1E5A8E1F00F4B29B /* SpectrumTest.swift */ = {isa = PBXFileReference; fileEncoding = 4; lastKnownFileType = sourcecode.swift; path = SpectrumTest.swift; sourceTree = "<group>"; };
		5D564CA71E5A8E6200F4B29B /* Info.plist */ = {isa = PBXFileReference; fileEncoding = 4; lastKnownFileType = text.plist.xml; path = Info.plist; sourceTree = "<group>"; };
		5D564CA81E5A8E6200F4B29B /* Stencil Army WW I.ttf */ = {isa = PBXFileReference; lastKnownFileType = file; path = "Stencil Army WW I.ttf"; sourceTree = "<group>"; };
		5D564CA91E5A8E6200F4B29B /* Main.storyboard */ = {isa = PBXFileReference; fileEncoding = 4; lastKnownFileType = file.storyboard; path = Main.storyboard; sourceTree = "<group>"; };
		5D564CAD1E5A8E9500F4B29B /* ForecastAPI.swift */ = {isa = PBXFileReference; fileEncoding = 4; lastKnownFileType = sourcecode.swift; path = ForecastAPI.swift; sourceTree = "<group>"; };
/* End PBXFileReference section */

/* Begin PBXFrameworksBuildPhase section */
		5D564C6E1E5A8E0800F4B29B /* Frameworks */ = {
			isa = PBXFrameworksBuildPhase;
			buildActionMask = 2147483647;
			files = (
			);
			runOnlyForDeploymentPostprocessing = 0;
		};
/* End PBXFrameworksBuildPhase section */

/* Begin PBXGroup section */
		5D564C681E5A8E0800F4B29B = {
			isa = PBXGroup;
			children = (
				5D564C731E5A8E0800F4B29B /* CustomRangeSliderTryoutSwift */,
				5D564C721E5A8E0800F4B29B /* Products */,
			);
			sourceTree = "<group>";
		};
		5D564C721E5A8E0800F4B29B /* Products */ = {
			isa = PBXGroup;
			children = (
				5D564C711E5A8E0800F4B29B /* CustomRangeSliderTryoutSwift.app */,
			);
			name = Products;
			sourceTree = "<group>";
		};
		5D564C731E5A8E0800F4B29B /* CustomRangeSliderTryoutSwift */ = {
			isa = PBXGroup;
			children = (
				5D564C861E5A8E1F00F4B29B /* AppDelegate.swift */,
				5D564C881E5A8E1F00F4B29B /* Model */,
				5D564C8F1E5A8E1F00F4B29B /* Controllers */,
				5D564C961E5A8E1F00F4B29B /* Utilities */,
				5D564C7B1E5A8E0800F4B29B /* Assets.xcassets */,
				5D564C7D1E5A8E0800F4B29B /* LaunchScreen.storyboard */,
				5D564CA71E5A8E6200F4B29B /* Info.plist */,
				5D564CA81E5A8E6200F4B29B /* Stencil Army WW I.ttf */,
				5D564CA91E5A8E6200F4B29B /* Main.storyboard */,
			);
			path = CustomRangeSliderTryoutSwift;
			sourceTree = "<group>";
		};
		5D564C881E5A8E1F00F4B29B /* Model */ = {
			isa = PBXGroup;
			children = (
				5D564C871E5A8E1F00F4B29B /* Weather.swift */,
			);
			name = Model;
			path = ../../BikeOrNot/BikeOrNot;
			sourceTree = "<group>";
		};
		5D564C8F1E5A8E1F00F4B29B /* Controllers */ = {
			isa = PBXGroup;
			children = (
				5D564C8A1E5A8E1F00F4B29B /* ViewController.swift */,
				5D564C8B1E5A8E1F00F4B29B /* SettingsTableViewController.swift */,
				5D564C8C1E5A8E1F00F4B29B /* ChooseTempViewController.swift */,
				5D564C8D1E5A8E1F00F4B29B /* ConditionViewController.swift */,
				5D564C8E1E5A8E1F00F4B29B /* SpectrumTest.swift */,
			);
			name = Controllers;
			path = ../../BikeOrNot/BikeOrNot;
			sourceTree = "<group>";
		};
		5D564C961E5A8E1F00F4B29B /* Utilities */ = {
			isa = PBXGroup;
			children = (
				5D564CAD1E5A8E9500F4B29B /* ForecastAPI.swift */,
			);
			name = Utilities;
			path = ../../BikeOrNot/BikeOrNot;
			sourceTree = "<group>";
		};
/* End PBXGroup section */

/* Begin PBXNativeTarget section */
		5D564C701E5A8E0800F4B29B /* CustomRangeSliderTryoutSwift */ = {
			isa = PBXNativeTarget;
			buildConfigurationList = 5D564C831E5A8E0800F4B29B /* Build configuration list for PBXNativeTarget "CustomRangeSliderTryoutSwift" */;
			buildPhases = (
				5D564C6D1E5A8E0800F4B29B /* Sources */,
				5D564C6E1E5A8E0800F4B29B /* Frameworks */,
				5D564C6F1E5A8E0800F4B29B /* Resources */,
			);
			buildRules = (
			);
			dependencies = (
			);
			name = CustomRangeSliderTryoutSwift;
			productName = CustomRangeSliderTryoutSwift;
			productReference = 5D564C711E5A8E0800F4B29B /* CustomRangeSliderTryoutSwift.app */;
			productType = "com.apple.product-type.application";
		};
/* End PBXNativeTarget section */

/* Begin PBXProject section */
		5D564C691E5A8E0800F4B29B /* Project object */ = {
			isa = PBXProject;
			attributes = {
				LastSwiftUpdateCheck = 0820;
				LastUpgradeCheck = 0820;
				ORGANIZATIONNAME = CraftedByCrazy;
				TargetAttributes = {
					5D564C701E5A8E0800F4B29B = {
						CreatedOnToolsVersion = 8.2.1;
						DevelopmentTeam = KHZ7KMZGFR;
						ProvisioningStyle = Automatic;
					};
				};
			};
			buildConfigurationList = 5D564C6C1E5A8E0800F4B29B /* Build configuration list for PBXProject "CustomRangeSliderTryoutSwift" */;
			compatibilityVersion = "Xcode 3.2";
			developmentRegion = English;
			hasScannedForEncodings = 0;
			knownRegions = (
				en,
				Base,
			);
			mainGroup = 5D564C681E5A8E0800F4B29B;
			productRefGroup = 5D564C721E5A8E0800F4B29B /* Products */;
			projectDirPath = "";
			projectRoot = "";
			targets = (
				5D564C701E5A8E0800F4B29B /* CustomRangeSliderTryoutSwift */,
			);
		};
/* End PBXProject section */

/* Begin PBXResourcesBuildPhase section */
		5D564C6F1E5A8E0800F4B29B /* Resources */ = {
			isa = PBXResourcesBuildPhase;
			buildActionMask = 2147483647;
			files = (
				5D564C7F1E5A8E0800F4B29B /* LaunchScreen.storyboard in Resources */,
				5D564CAC1E5A8E6200F4B29B /* Main.storyboard in Resources */,
				5D564C7C1E5A8E0800F4B29B /* Assets.xcassets in Resources */,
				5D564CAA1E5A8E6200F4B29B /* Info.plist in Resources */,
				5D564CAB1E5A8E6200F4B29B /* Stencil Army WW I.ttf in Resources */,
			);
			runOnlyForDeploymentPostprocessing = 0;
		};
/* End PBXResourcesBuildPhase section */

/* Begin PBXSourcesBuildPhase section */
		5D564C6D1E5A8E0800F4B29B /* Sources */ = {
			isa = PBXSourcesBuildPhase;
			buildActionMask = 2147483647;
			files = (
				5D564C9F1E5A8E1F00F4B29B /* SpectrumTest.swift in Sources */,
				5D564CAE1E5A8E9500F4B29B /* ForecastAPI.swift in Sources */,
				5D564C991E5A8E1F00F4B29B /* Weather.swift in Sources */,
				5D564C9D1E5A8E1F00F4B29B /* ChooseTempViewController.swift in Sources */,
				5D564C9E1E5A8E1F00F4B29B /* ConditionViewController.swift in Sources */,
				5D564C9C1E5A8E1F00F4B29B /* SettingsTableViewController.swift in Sources */,
				5D564C9B1E5A8E1F00F4B29B /* ViewController.swift in Sources */,
				5D564C981E5A8E1F00F4B29B /* AppDelegate.swift in Sources */,
			);
			runOnlyForDeploymentPostprocessing = 0;
		};
/* End PBXSourcesBuildPhase section */

/* Begin PBXVariantGroup section */
		5D564C7D1E5A8E0800F4B29B /* LaunchScreen.storyboard */ = {
			isa = PBXVariantGroup;
			children = (
				5D564C7E1E5A8E0800F4B29B /* Base */,
			);
			name = LaunchScreen.storyboard;
			sourceTree = "<group>";
		};
/* End PBXVariantGroup section */

/* Begin XCBuildConfiguration section */
		5D564C811E5A8E0800F4B29B /* Debug */ = {
			isa = XCBuildConfiguration;
			buildSettings = {
				ALWAYS_SEARCH_USER_PATHS = NO;
				CLANG_ANALYZER_NONNULL = YES;
				CLANG_CXX_LANGUAGE_STANDARD = "gnu++0x";
				CLANG_CXX_LIBRARY = "libc++";
				CLANG_ENABLE_MODULES = YES;
				CLANG_ENABLE_OBJC_ARC = YES;
				CLANG_WARN_BOOL_CONVERSION = YES;
				CLANG_WARN_CONSTANT_CONVERSION = YES;
				CLANG_WARN_DIRECT_OBJC_ISA_USAGE = YES_ERROR;
				CLANG_WARN_DOCUMENTATION_COMMENTS = YES;
				CLANG_WARN_EMPTY_BODY = YES;
				CLANG_WARN_ENUM_CONVERSION = YES;
				CLANG_WARN_INFINITE_RECURSION = YES;
				CLANG_WARN_INT_CONVERSION = YES;
				CLANG_WARN_OBJC_ROOT_CLASS = YES_ERROR;
				CLANG_WARN_SUSPICIOUS_MOVE = YES;
				CLANG_WARN_UNREACHABLE_CODE = YES;
				CLANG_WARN__DUPLICATE_METHOD_MATCH = YES;
				"CODE_SIGN_IDENTITY[sdk=iphoneos*]" = "iPhone Developer";
				COPY_PHASE_STRIP = NO;
				DEBUG_INFORMATION_FORMAT = dwarf;
				ENABLE_STRICT_OBJC_MSGSEND = YES;
				ENABLE_TESTABILITY = YES;
				GCC_C_LANGUAGE_STANDARD = gnu99;
				GCC_DYNAMIC_NO_PIC = NO;
				GCC_NO_COMMON_BLOCKS = YES;
				GCC_OPTIMIZATION_LEVEL = 0;
				GCC_PREPROCESSOR_DEFINITIONS = (
					"DEBUG=1",
					"$(inherited)",
				);
				GCC_WARN_64_TO_32_BIT_CONVERSION = YES;
				GCC_WARN_ABOUT_RETURN_TYPE = YES_ERROR;
				GCC_WARN_UNDECLARED_SELECTOR = YES;
				GCC_WARN_UNINITIALIZED_AUTOS = YES_AGGRESSIVE;
				GCC_WARN_UNUSED_FUNCTION = YES;
				GCC_WARN_UNUSED_VARIABLE = YES;
				IPHONEOS_DEPLOYMENT_TARGET = 10.2;
				MTL_ENABLE_DEBUG_INFO = YES;
				ONLY_ACTIVE_ARCH = YES;
				SDKROOT = iphoneos;
				SWIFT_ACTIVE_COMPILATION_CONDITIONS = DEBUG;
				SWIFT_OPTIMIZATION_LEVEL = "-Onone";
			};
			name = Debug;
		};
		5D564C821E5A8E0800F4B29B /* Release */ = {
			isa = XCBuildConfiguration;
			buildSettings = {
				ALWAYS_SEARCH_USER_PATHS = NO;
				CLANG_ANALYZER_NONNULL = YES;
				CLANG_CXX_LANGUAGE_STANDARD = "gnu++0x";
				CLANG_CXX_LIBRARY = "libc++";
				CLANG_ENABLE_MODULES = YES;
				CLANG_ENABLE_OBJC_ARC = YES;
				CLANG_WARN_BOOL_CONVERSION = YES;
				CLANG_WARN_CONSTANT_CONVERSION = YES;
				CLANG_WARN_DIRECT_OBJC_ISA_USAGE = YES_ERROR;
				CLANG_WARN_DOCUMENTATION_COMMENTS = YES;
				CLANG_WARN_EMPTY_BODY = YES;
				CLANG_WARN_ENUM_CONVERSION = YES;
				CLANG_WARN_INFINITE_RECURSION = YES;
				CLANG_WARN_INT_CONVERSION = YES;
				CLANG_WARN_OBJC_ROOT_CLASS = YES_ERROR;
				CLANG_WARN_SUSPICIOUS_MOVE = YES;
				CLANG_WARN_UNREACHABLE_CODE = YES;
				CLANG_WARN__DUPLICATE_METHOD_MATCH = YES;
				"CODE_SIGN_IDENTITY[sdk=iphoneos*]" = "iPhone Developer";
				COPY_PHASE_STRIP = NO;
				DEBUG_INFORMATION_FORMAT = "dwarf-with-dsym";
				ENABLE_NS_ASSERTIONS = NO;
				ENABLE_STRICT_OBJC_MSGSEND = YES;
				GCC_C_LANGUAGE_STANDARD = gnu99;
				GCC_NO_COMMON_BLOCKS = YES;
				GCC_WARN_64_TO_32_BIT_CONVERSION = YES;
				GCC_WARN_ABOUT_RETURN_TYPE = YES_ERROR;
				GCC_WARN_UNDECLARED_SELECTOR = YES;
				GCC_WARN_UNINITIALIZED_AUTOS = YES_AGGRESSIVE;
				GCC_WARN_UNUSED_FUNCTION = YES;
				GCC_WARN_UNUSED_VARIABLE = YES;
				IPHONEOS_DEPLOYMENT_TARGET = 10.2;
				MTL_ENABLE_DEBUG_INFO = NO;
				SDKROOT = iphoneos;
				SWIFT_OPTIMIZATION_LEVEL = "-Owholemodule";
				VALIDATE_PRODUCT = YES;
			};
			name = Release;
		};
		5D564C841E5A8E0800F4B29B /* Debug */ = {
			isa = XCBuildConfiguration;
			buildSettings = {
				ASSETCATALOG_COMPILER_APPICON_NAME = AppIcon;
				DEVELOPMENT_TEAM = KHZ7KMZGFR;
				INFOPLIST_FILE = CustomRangeSliderTryoutSwift/Info.plist;
				LD_RUNPATH_SEARCH_PATHS = "$(inherited) @executable_path/Frameworks";
				PRODUCT_BUNDLE_IDENTIFIER = com.CraftedByCrazy.CustomRangeSliderTryoutSwift;
				PRODUCT_NAME = "$(TARGET_NAME)";
				SWIFT_VERSION = 3.0;
			};
			name = Debug;
		};
		5D564C851E5A8E0800F4B29B /* Release */ = {
			isa = XCBuildConfiguration;
			buildSettings = {
				ASSETCATALOG_COMPILER_APPICON_NAME = AppIcon;
				DEVELOPMENT_TEAM = KHZ7KMZGFR;
				INFOPLIST_FILE = CustomRangeSliderTryoutSwift/Info.plist;
				LD_RUNPATH_SEARCH_PATHS = "$(inherited) @executable_path/Frameworks";
				PRODUCT_BUNDLE_IDENTIFIER = com.CraftedByCrazy.CustomRangeSliderTryoutSwift;
				PRODUCT_NAME = "$(TARGET_NAME)";
				SWIFT_VERSION = 3.0;
			};
			name = Release;
		};
/* End XCBuildConfiguration section */

/* Begin XCConfigurationList section */
		5D564C6C1E5A8E0800F4B29B /* Build configuration list for PBXProject "CustomRangeSliderTryoutSwift" */ = {
			isa = XCConfigurationList;
			buildConfigurations = (
				5D564C811E5A8E0800F4B29B /* Debug */,
				5D564C821E5A8E0800F4B29B /* Release */,
			);
			defaultConfigurationIsVisible = 0;
			defaultConfigurationName = Release;
		};
		5D564C831E5A8E0800F4B29B /* Build configuration list for PBXNativeTarget "CustomRangeSliderTryoutSwift" */ = {
			isa = XCConfigurationList;
			buildConfigurations = (
				5D564C841E5A8E0800F4B29B /* Debug */,
				5D564C851E5A8E0800F4B29B /* Release */,
			);
			defaultConfigurationIsVisible = 0;
		};
/* End XCConfigurationList section */
	};
	rootObject = 5D564C691E5A8E0800F4B29B /* Project object */;
}
